
Microsoft Visual Studio Solution File, Format Version 12.00
# Visual Studio 15
VisualStudioVersion = 15.0.28010.2026
MinimumVisualStudioVersion = 10.0.40219.1
Project("{FAE04EC0-301F-11D3-BF4B-00C04F79EFBC}") = "MyInitials", "MyInitials\MyInitials.csproj", "{316CE18C-B228-4726-9C5A-8E9920BF854C}"
EndProject
Global
	GlobalSection(SolutionConfigurationPlatforms) = preSolution
		Debug|Any CPU = Debug|Any CPU
		Release|Any CPU = Release|Any CPU
	EndGlobalSection
	GlobalSection(ProjectConfigurationPlatforms) = postSolution
		{316CE18C-B228-4726-9C5A-8E9920BF854C}.Debug|Any CPU.ActiveCfg = Debug|Any CPU
		{316CE18C-B228-4726-9C5A-8E9920BF854C}.Debug|Any CPU.Build.0 = Debug|Any CPU
		{316CE18C-B228-4726-9C5A-8E9920BF854C}.Release|Any CPU.ActiveCfg = Release|Any CPU
		{316CE18C-B228-4726-9C5A-8E9920BF854C}.Release|Any CPU.Build.0 = Release|Any CPU
	EndGlobalSection
	GlobalSection(SolutionProperties) = preSolution
		HideSolutionNode = FALSE
	EndGlobalSection
	GlobalSection(ExtensibilityGlobals) = postSolution
		SolutionGuid = {68EA6605-FE5B-4FE6-9150-449C83E3DB2A}
	EndGlobalSection
EndGlobal
