
Microsoft Visual Studio Solution File, Format Version 12.00
# Visual Studio 15
VisualStudioVersion = 15.0.28010.2026
MinimumVisualStudioVersion = 10.0.40219.1
Project("{FAE04EC0-301F-11D3-BF4B-00C04F79EFBC}") = "MySchedule", "MySchedule\MySchedule.csproj", "{5D768766-EB9D-4E5C-9905-5A080BC780D6}"
EndProject
Global
	GlobalSection(SolutionConfigurationPlatforms) = preSolution
		Debug|Any CPU = Debug|Any CPU
		Release|Any CPU = Release|Any CPU
	EndGlobalSection
	GlobalSection(ProjectConfigurationPlatforms) = postSolution
		{5D768766-EB9D-4E5C-9905-5A080BC780D6}.Debug|Any CPU.ActiveCfg = Debug|Any CPU
		{5D768766-EB9D-4E5C-9905-5A080BC780D6}.Debug|Any CPU.Build.0 = Debug|Any CPU
		{5D768766-EB9D-4E5C-9905-5A080BC780D6}.Release|Any CPU.ActiveCfg = Release|Any CPU
		{5D768766-EB9D-4E5C-9905-5A080BC780D6}.Release|Any CPU.Build.0 = Release|Any CPU
	EndGlobalSection
	GlobalSection(SolutionProperties) = preSolution
		HideSolutionNode = FALSE
	EndGlobalSection
	GlobalSection(ExtensibilityGlobals) = postSolution
		SolutionGuid = {CDF9A531-5BF4-454D-B0DA-6F97E4E8D92E}
	EndGlobalSection
EndGlobal
